
Microsoft Visual Studio Solution File, Format Version 12.00
# Visual Studio 15
VisualStudioVersion = 15.0.28307.645
MinimumVisualStudioVersion = 10.0.40219.1
Project("{FAE04EC0-301F-11D3-BF4B-00C04F79EFBC}") = "CustomerApp.Core", "Customer.Core\CustomerApp.Core.csproj", "{524C0A14-33E9-4F95-8304-85E993085D8A}"
EndProject
Project("{FAE04EC0-301F-11D3-BF4B-00C04F79EFBC}") = "CustomerApp.Infrastructure", "CustomerApp.Infrastructure\CustomerApp.Infrastructure.csproj", "{71D532A0-A494-4513-BFA0-CE267C570F0C}"
EndProject
Project("{FAE04EC0-301F-11D3-BF4B-00C04F79EFBC}") = "CustomerUnitTest", "CustomerUnitTest\CustomerUnitTest.csproj", "{3CA2A32B-9CAB-4B49-9F49-6CBA8590882B}"
EndProject
Project("{FAE04EC0-301F-11D3-BF4B-00C04F79EFBC}") = "CustomerAPI", "CustomerAPI\CustomerAPI.csproj", "{C936EC7C-2693-4F69-8C60-3621DCF9AC4D}"
EndProject
Global
	GlobalSection(SolutionConfigurationPlatforms) = preSolution
		Debug|Any CPU = Debug|Any CPU
		Release|Any CPU = Release|Any CPU
	EndGlobalSection
	GlobalSection(ProjectConfigurationPlatforms) = postSolution
		{524C0A14-33E9-4F95-8304-85E993085D8A}.Debug|Any CPU.ActiveCfg = Debug|Any CPU
		{524C0A14-33E9-4F95-8304-85E993085D8A}.Debug|Any CPU.Build.0 = Debug|Any CPU
		{524C0A14-33E9-4F95-8304-85E993085D8A}.Release|Any CPU.ActiveCfg = Release|Any CPU
		{524C0A14-33E9-4F95-8304-85E993085D8A}.Release|Any CPU.Build.0 = Release|Any CPU
		{71D532A0-A494-4513-BFA0-CE267C570F0C}.Debug|Any CPU.ActiveCfg = Debug|Any CPU
		{71D532A0-A494-4513-BFA0-CE267C570F0C}.Debug|Any CPU.Build.0 = Debug|Any CPU
		{71D532A0-A494-4513-BFA0-CE267C570F0C}.Release|Any CPU.ActiveCfg = Release|Any CPU
		{71D532A0-A494-4513-BFA0-CE267C570F0C}.Release|Any CPU.Build.0 = Release|Any CPU
		{3CA2A32B-9CAB-4B49-9F49-6CBA8590882B}.Debug|Any CPU.ActiveCfg = Debug|Any CPU
		{3CA2A32B-9CAB-4B49-9F49-6CBA8590882B}.Debug|Any CPU.Build.0 = Debug|Any CPU
		{3CA2A32B-9CAB-4B49-9F49-6CBA8590882B}.Release|Any CPU.ActiveCfg = Release|Any CPU
		{3CA2A32B-9CAB-4B49-9F49-6CBA8590882B}.Release|Any CPU.Build.0 = Release|Any CPU
		{C936EC7C-2693-4F69-8C60-3621DCF9AC4D}.Debug|Any CPU.ActiveCfg = Debug|Any CPU
		{C936EC7C-2693-4F69-8C60-3621DCF9AC4D}.Debug|Any CPU.Build.0 = Debug|Any CPU
		{C936EC7C-2693-4F69-8C60-3621DCF9AC4D}.Release|Any CPU.ActiveCfg = Release|Any CPU
		{C936EC7C-2693-4F69-8C60-3621DCF9AC4D}.Release|Any CPU.Build.0 = Release|Any CPU
	EndGlobalSection
	GlobalSection(SolutionProperties) = preSolution
		HideSolutionNode = FALSE
	EndGlobalSection
	GlobalSection(ExtensibilityGlobals) = postSolution
		SolutionGuid = {CCF67D7D-1954-44D0-B66C-65F833C849AC}
	EndGlobalSection
EndGlobal
